// !$*UTF8*$!
{
	archiveVersion = 1;
	classes = {
	};
	objectVersion = 77;
	objects = {

/* Begin PBXContainerItemProxy section */
		28950C622CE4A00C00F7DEE8 /* PBXContainerItemProxy */ = {
			isa = PBXContainerItemProxy;
			containerPortal = 28950C442CE4A00A00F7DEE8 /* Project object */;
			proxyType = 1;
			remoteGlobalIDString = 28950C4B2CE4A00A00F7DEE8;
			remoteInfo = pulse;
		};
		28950C6C2CE4A00C00F7DEE8 /* PBXContainerItemProxy */ = {
			isa = PBXContainerItemProxy;
			containerPortal = 28950C442CE4A00A00F7DEE8 /* Project object */;
			proxyType = 1;
			remoteGlobalIDString = 28950C4B2CE4A00A00F7DEE8;
			remoteInfo = pulse;
		};
/* End PBXContainerItemProxy section */

/* Begin PBXFileReference section */
		28950C4C2CE4A00A00F7DEE8 /* pulse.app */ = {isa = PBXFileReference; explicitFileType = wrapper.application; includeInIndex = 0; path = pulse.app; sourceTree = BUILT_PRODUCTS_DIR; };
		28950C612CE4A00C00F7DEE8 /* pulseTests.xctest */ = {isa = PBXFileReference; explicitFileType = wrapper.cfbundle; includeInIndex = 0; path = pulseTests.xctest; sourceTree = BUILT_PRODUCTS_DIR; };
		28950C6B2CE4A00C00F7DEE8 /* pulseUITests.xctest */ = {isa = PBXFileReference; explicitFileType = wrapper.cfbundle; includeInIndex = 0; path = pulseUITests.xctest; sourceTree = BUILT_PRODUCTS_DIR; };
/* End PBXFileReference section */

/* Begin PBXFileSystemSynchronizedRootGroup section */
		28950C4E2CE4A00A00F7DEE8 /* pulse */ = {
			isa = PBXFileSystemSynchronizedRootGroup;
			path = pulse;
			sourceTree = "<group>";
		};
		28950C642CE4A00C00F7DEE8 /* pulseTests */ = {
			isa = PBXFileSystemSynchronizedRootGroup;
			path = pulseTests;
			sourceTree = "<group>";
		};
		28950C6E2CE4A00C00F7DEE8 /* pulseUITests */ = {
			isa = PBXFileSystemSynchronizedRootGroup;
			path = pulseUITests;
			sourceTree = "<group>";
		};
/* End PBXFileSystemSynchronizedRootGroup section */

/* Begin PBXFrameworksBuildPhase section */
		28950C492CE4A00A00F7DEE8 /* Frameworks */ = {
			isa = PBXFrameworksBuildPhase;
			buildActionMask = 2147483647;
			files = (
			);
			runOnlyForDeploymentPostprocessing = 0;
		};
		28950C5E2CE4A00C00F7DEE8 /* Frameworks */ = {
			isa = PBXFrameworksBuildPhase;
			buildActionMask = 2147483647;
			files = (
			);
			runOnlyForDeploymentPostprocessing = 0;
		};
		28950C682CE4A00C00F7DEE8 /* Frameworks */ = {
			isa = PBXFrameworksBuildPhase;
			buildActionMask = 2147483647;
			files = (
			);
			runOnlyForDeploymentPostprocessing = 0;
		};
/* End PBXFrameworksBuildPhase section */

/* Begin PBXGroup section */
		28950C432CE4A00A00F7DEE8 = {
			isa = PBXGroup;
			children = (
				28950C4E2CE4A00A00F7DEE8 /* pulse */,
				28950C642CE4A00C00F7DEE8 /* pulseTests */,
				28950C6E2CE4A00C00F7DEE8 /* pulseUITests */,
				28950C4D2CE4A00A00F7DEE8 /* Products */,
			);
			sourceTree = "<group>";
		};
		28950C4D2CE4A00A00F7DEE8 /* Products */ = {
			isa = PBXGroup;
			children = (
				28950C4C2CE4A00A00F7DEE8 /* pulse.app */,
				28950C612CE4A00C00F7DEE8 /* pulseTests.xctest */,
				28950C6B2CE4A00C00F7DEE8 /* pulseUITests.xctest */,
			);
			name = Products;
			sourceTree = "<group>";
		};
/* End PBXGroup section */

/* Begin PBXNativeTarget section */
		28950C4B2CE4A00A00F7DEE8 /* pulse */ = {
			isa = PBXNativeTarget;
			buildConfigurationList = 28950C752CE4A00C00F7DEE8 /* Build configuration list for PBXNativeTarget "pulse" */;
			buildPhases = (
				28950C482CE4A00A00F7DEE8 /* Sources */,
				28950C492CE4A00A00F7DEE8 /* Frameworks */,
			);
			buildRules = (
			);
			dependencies = (
			);
			fileSystemSynchronizedGroups = (
				28950C4E2CE4A00A00F7DEE8 /* pulse */,
			);
			name = pulse;
			packageProductDependencies = (
			);
			productName = pulse;
			productReference = 28950C4C2CE4A00A00F7DEE8 /* pulse.app */;
			productType = "com.apple.product-type.application";
		};
		28950C602CE4A00C00F7DEE8 /* pulseTests */ = {
			isa = PBXNativeTarget;
			buildConfigurationList = 28950C782CE4A00C00F7DEE8 /* Build configuration list for PBXNativeTarget "pulseTests" */;
			buildPhases = (
				28950C5D2CE4A00C00F7DEE8 /* Sources */,
				28950C5E2CE4A00C00F7DEE8 /* Frameworks */,
				28950C5F2CE4A00C00F7DEE8 /* Resources */,
			);
			buildRules = (
			);
			dependencies = (
				28950C632CE4A00C00F7DEE8 /* PBXTargetDependency */,
			);
			fileSystemSynchronizedGroups = (
				28950C642CE4A00C00F7DEE8 /* pulseTests */,
			);
			name = pulseTests;
			packageProductDependencies = (
			);
			productName = pulseTests;
			productReference = 28950C612CE4A00C00F7DEE8 /* pulseTests.xctest */;
			productType = "com.apple.product-type.bundle.unit-test";
		};
		28950C6A2CE4A00C00F7DEE8 /* pulseUITests */ = {
			isa = PBXNativeTarget;
			buildConfigurationList = 28950C7B2CE4A00C00F7DEE8 /* Build configuration list for PBXNativeTarget "pulseUITests" */;
			buildPhases = (
				28950C672CE4A00C00F7DEE8 /* Sources */,
				28950C682CE4A00C00F7DEE8 /* Frameworks */,
				28950C692CE4A00C00F7DEE8 /* Resources */,
			);
			buildRules = (
			);
			dependencies = (
				28950C6D2CE4A00C00F7DEE8 /* PBXTargetDependency */,
			);
			fileSystemSynchronizedGroups = (
				28950C6E2CE4A00C00F7DEE8 /* pulseUITests */,
			);
			name = pulseUITests;
			packageProductDependencies = (
			);
			productName = pulseUITests;
			productReference = 28950C6B2CE4A00C00F7DEE8 /* pulseUITests.xctest */;
			productType = "com.apple.product-type.bundle.ui-testing";
		};
/* End PBXNativeTarget section */

/* Begin PBXProject section */
		28950C442CE4A00A00F7DEE8 /* Project object */ = {
			isa = PBXProject;
			attributes = {
				BuildIndependentTargetsInParallel = 1;
				LastSwiftUpdateCheck = 1610;
				LastUpgradeCheck = 1610;
				TargetAttributes = {
					28950C4B2CE4A00A00F7DEE8 = {
						CreatedOnToolsVersion = 16.1;
					};
					28950C602CE4A00C00F7DEE8 = {
						CreatedOnToolsVersion = 16.1;
						TestTargetID = 28950C4B2CE4A00A00F7DEE8;
					};
					28950C6A2CE4A00C00F7DEE8 = {
						CreatedOnToolsVersion = 16.1;
						TestTargetID = 28950C4B2CE4A00A00F7DEE8;
					};
				};
			};
			buildConfigurationList = 28950C472CE4A00A00F7DEE8 /* Build configuration list for PBXProject "pulse" */;
			developmentRegion = en;
			hasScannedForEncodings = 0;
			knownRegions = (
				en,
				Base,
			);
			mainGroup = 28950C432CE4A00A00F7DEE8;
			minimizedProjectReferenceProxies = 1;
			preferredProjectObjectVersion = 77;
			productRefGroup = 28950C4D2CE4A00A00F7DEE8 /* Products */;
			projectDirPath = "";
			projectRoot = "";
			targets = (
				28950C4B2CE4A00A00F7DEE8 /* pulse */,
				28950C602CE4A00C00F7DEE8 /* pulseTests */,
				28950C6A2CE4A00C00F7DEE8 /* pulseUITests */,
			);
		};
/* End PBXProject section */

/* Begin PBXResourcesBuildPhase section */
		28950C5F2CE4A00C00F7DEE8 /* Resources */ = {
			isa = PBXResourcesBuildPhase;
			buildActionMask = 2147483647;
			files = (
			);
			runOnlyForDeploymentPostprocessing = 0;
		};
		28950C692CE4A00C00F7DEE8 /* Resources */ = {
			isa = PBXResourcesBuildPhase;
			buildActionMask = 2147483647;
			files = (
			);
			runOnlyForDeploymentPostprocessing = 0;
		};
/* End PBXResourcesBuildPhase section */

/* Begin PBXSourcesBuildPhase section */
		28950C482CE4A00A00F7DEE8 /* Sources */ = {
			isa = PBXSourcesBuildPhase;
			buildActionMask = 2147483647;
			files = (
			);
			runOnlyForDeploymentPostprocessing = 0;
		};
		28950C5D2CE4A00C00F7DEE8 /* Sources */ = {
			isa = PBXSourcesBuildPhase;
			buildActionMask = 2147483647;
			files = (
			);
			runOnlyForDeploymentPostprocessing = 0;
		};
		28950C672CE4A00C00F7DEE8 /* Sources */ = {
			isa = PBXSourcesBuildPhase;
			buildActionMask = 2147483647;
			files = (
			);
			runOnlyForDeploymentPostprocessing = 0;
		};
/* End PBXSourcesBuildPhase section */

/* Begin PBXTargetDependency section */
		28950C632CE4A00C00F7DEE8 /* PBXTargetDependency */ = {
			isa = PBXTargetDependency;
			target = 28950C4B2CE4A00A00F7DEE8 /* pulse */;
			targetProxy = 28950C622CE4A00C00F7DEE8 /* PBXContainerItemProxy */;
		};
		28950C6D2CE4A00C00F7DEE8 /* PBXTargetDependency */ = {
			isa = PBXTargetDependency;
			target = 28950C4B2CE4A00A00F7DEE8 /* pulse */;
			targetProxy = 28950C6C2CE4A00C00F7DEE8 /* PBXContainerItemProxy */;
		};
/* End PBXTargetDependency section */

/* Begin XCBuildConfiguration section */
		28950C732CE4A00C00F7DEE8 /* Debug */ = {
			isa = XCBuildConfiguration;
			buildSettings = {
				ALWAYS_SEARCH_USER_PATHS = NO;
				ASSETCATALOG_COMPILER_GENERATE_SWIFT_ASSET_SYMBOL_EXTENSIONS = YES;
				CLANG_ANALYZER_NONNULL = YES;
				CLANG_ANALYZER_NUMBER_OBJECT_CONVERSION = YES_AGGRESSIVE;
				CLANG_CXX_LANGUAGE_STANDARD = "gnu++20";
				CLANG_ENABLE_MODULES = YES;
				CLANG_ENABLE_OBJC_ARC = YES;
				CLANG_ENABLE_OBJC_WEAK = YES;
				CLANG_WARN_BLOCK_CAPTURE_AUTORELEASING = YES;
				CLANG_WARN_BOOL_CONVERSION = YES;
				CLANG_WARN_COMMA = YES;
				CLANG_WARN_CONSTANT_CONVERSION = YES;
				CLANG_WARN_DEPRECATED_OBJC_IMPLEMENTATIONS = YES;
				CLANG_WARN_DIRECT_OBJC_ISA_USAGE = YES_ERROR;
				CLANG_WARN_DOCUMENTATION_COMMENTS = YES;
				CLANG_WARN_EMPTY_BODY = YES;
				CLANG_WARN_ENUM_CONVERSION = YES;
				CLANG_WARN_INFINITE_RECURSION = YES;
				CLANG_WARN_INT_CONVERSION = YES;
				CLANG_WARN_NON_LITERAL_NULL_CONVERSION = YES;
				CLANG_WARN_OBJC_IMPLICIT_RETAIN_SELF = YES;
				CLANG_WARN_OBJC_LITERAL_CONVERSION = YES;
				CLANG_WARN_OBJC_ROOT_CLASS = YES_ERROR;
				CLANG_WARN_QUOTED_INCLUDE_IN_FRAMEWORK_HEADER = YES;
				CLANG_WARN_RANGE_LOOP_ANALYSIS = YES;
				CLANG_WARN_STRICT_PROTOTYPES = YES;
				CLANG_WARN_SUSPICIOUS_MOVE = YES;
				CLANG_WARN_UNGUARDED_AVAILABILITY = YES_AGGRESSIVE;
				CLANG_WARN_UNREACHABLE_CODE = YES;
				CLANG_WARN__DUPLICATE_METHOD_MATCH = YES;
				COPY_PHASE_STRIP = NO;
				DEBUG_INFORMATION_FORMAT = dwarf;
				ENABLE_STRICT_OBJC_MSGSEND = YES;
				ENABLE_TESTABILITY = YES;
				ENABLE_USER_SCRIPT_SANDBOXING = YES;
				GCC_C_LANGUAGE_STANDARD = gnu17;
				GCC_DYNAMIC_NO_PIC = NO;
				GCC_NO_COMMON_BLOCKS = YES;
				GCC_OPTIMIZATION_LEVEL = 0;
				GCC_PREPROCESSOR_DEFINITIONS = (
					"DEBUG=1",
					"$(inherited)",
				);
				GCC_WARN_64_TO_32_BIT_CONVERSION = YES;
				GCC_WARN_ABOUT_RETURN_TYPE = YES_ERROR;
				GCC_WARN_UNDECLARED_SELECTOR = YES;
				GCC_WARN_UNINITIALIZED_AUTOS = YES_AGGRESSIVE;
				GCC_WARN_UNUSED_FUNCTION = YES;
				GCC_WARN_UNUSED_VARIABLE = YES;
				IPHONEOS_DEPLOYMENT_TARGET = 18.1;
				LOCALIZATION_PREFERS_STRING_CATALOGS = YES;
				MTL_ENABLE_DEBUG_INFO = INCLUDE_SOURCE;
				MTL_FAST_MATH = YES;
				ONLY_ACTIVE_ARCH = YES;
				SDKROOT = iphoneos;
				SWIFT_ACTIVE_COMPILATION_CONDITIONS = "DEBUG $(inherited)";
				SWIFT_OPTIMIZATION_LEVEL = "-Onone";
			};
			name = Debug;
		};
		28950C742CE4A00C00F7DEE8 /* Release */ = {
			isa = XCBuildConfiguration;
			buildSettings = {
				ALWAYS_SEARCH_USER_PATHS = NO;
				ASSETCATALOG_COMPILER_GENERATE_SWIFT_ASSET_SYMBOL_EXTENSIONS = YES;
				CLANG_ANALYZER_NONNULL = YES;
				CLANG_ANALYZER_NUMBER_OBJECT_CONVERSION = YES_AGGRESSIVE;
				CLANG_CXX_LANGUAGE_STANDARD = "gnu++20";
				CLANG_ENABLE_MODULES = YES;
				CLANG_ENABLE_OBJC_ARC = YES;
				CLANG_ENABLE_OBJC_WEAK = YES;
				CLANG_WARN_BLOCK_CAPTURE_AUTORELEASING = YES;
				CLANG_WARN_BOOL_CONVERSION = YES;
				CLANG_WARN_COMMA = YES;
				CLANG_WARN_CONSTANT_CONVERSION = YES;
				CLANG_WARN_DEPRECATED_OBJC_IMPLEMENTATIONS = YES;
				CLANG_WARN_DIRECT_OBJC_ISA_USAGE = YES_ERROR;
				CLANG_WARN_DOCUMENTATION_COMMENTS = YES;
				CLANG_WARN_EMPTY_BODY = YES;
				CLANG_WARN_ENUM_CONVERSION = YES;
				CLANG_WARN_INFINITE_RECURSION = YES;
				CLANG_WARN_INT_CONVERSION = YES;
				CLANG_WARN_NON_LITERAL_NULL_CONVERSION = YES;
				CLANG_WARN_OBJC_IMPLICIT_RETAIN_SELF = YES;
				CLANG_WARN_OBJC_LITERAL_CONVERSION = YES;
				CLANG_WARN_OBJC_ROOT_CLASS = YES_ERROR;
				CLANG_WARN_QUOTED_INCLUDE_IN_FRAMEWORK_HEADER = YES;
				CLANG_WARN_RANGE_LOOP_ANALYSIS = YES;
				CLANG_WARN_STRICT_PROTOTYPES = YES;
				CLANG_WARN_SUSPICIOUS_MOVE = YES;
				CLANG_WARN_UNGUARDED_AVAILABILITY = YES_AGGRESSIVE;
				CLANG_WARN_UNREACHABLE_CODE = YES;
				CLANG_WARN__DUPLICATE_METHOD_MATCH = YES;
				COPY_PHASE_STRIP = NO;
				DEBUG_INFORMATION_FORMAT = "dwarf-with-dsym";
				ENABLE_NS_ASSERTIONS = NO;
				ENABLE_STRICT_OBJC_MSGSEND = YES;
				ENABLE_USER_SCRIPT_SANDBOXING = YES;
				GCC_C_LANGUAGE_STANDARD = gnu17;
				GCC_NO_COMMON_BLOCKS = YES;
				GCC_WARN_64_TO_32_BIT_CONVERSION = YES;
				GCC_WARN_ABOUT_RETURN_TYPE = YES_ERROR;
				GCC_WARN_UNDECLARED_SELECTOR = YES;
				GCC_WARN_UNINITIALIZED_AUTOS = YES_AGGRESSIVE;
				GCC_WARN_UNUSED_FUNCTION = YES;
				GCC_WARN_UNUSED_VARIABLE = YES;
				IPHONEOS_DEPLOYMENT_TARGET = 18.1;
				LOCALIZATION_PREFERS_STRING_CATALOGS = YES;
				MTL_ENABLE_DEBUG_INFO = NO;
				MTL_FAST_MATH = YES;
				SDKROOT = iphoneos;
				SWIFT_COMPILATION_MODE = wholemodule;
				VALIDATE_PRODUCT = YES;
			};
			name = Release;
		};
		28950C762CE4A00C00F7DEE8 /* Debug */ = {
			isa = XCBuildConfiguration;
			buildSettings = {
				ASSETCATALOG_COMPILER_APPICON_NAME = AppIcon;
				ASSETCATALOG_COMPILER_GLOBAL_ACCENT_COLOR_NAME = AccentColor;
				CODE_SIGN_STYLE = Automatic;
				CURRENT_PROJECT_VERSION = 1;
				DEVELOPMENT_ASSET_PATHS = "\"pulse/Preview Content\"";
				ENABLE_PREVIEWS = YES;
				GENERATE_INFOPLIST_FILE = YES;
				INFOPLIST_KEY_UIApplicationSceneManifest_Generation = YES;
				INFOPLIST_KEY_UIApplicationSupportsIndirectInputEvents = YES;
				INFOPLIST_KEY_UILaunchScreen_Generation = YES;
				INFOPLIST_KEY_UISupportedInterfaceOrientations_iPad = "UIInterfaceOrientationPortrait UIInterfaceOrientationPortraitUpsideDown UIInterfaceOrientationLandscapeLeft UIInterfaceOrientationLandscapeRight";
				INFOPLIST_KEY_UISupportedInterfaceOrientations_iPhone = "UIInterfaceOrientationPortrait UIInterfaceOrientationLandscapeLeft UIInterfaceOrientationLandscapeRight";
				LD_RUNPATH_SEARCH_PATHS = (
					"$(inherited)",
					"@executable_path/Frameworks",
				);
				MARKETING_VERSION = 1.0;
				PRODUCT_BUNDLE_IDENTIFIER = adri.pulse;
				PRODUCT_NAME = "$(TARGET_NAME)";
				SWIFT_EMIT_LOC_STRINGS = YES;
				SWIFT_VERSION = 5.0;
				TARGETED_DEVICE_FAMILY = 1;
			};
			name = Debug;
		};
		28950C772CE4A00C00F7DEE8 /* Release */ = {
			isa = XCBuildConfiguration;
			buildSettings = {
				ASSETCATALOG_COMPILER_APPICON_NAME = AppIcon;
				ASSETCATALOG_COMPILER_GLOBAL_ACCENT_COLOR_NAME = AccentColor;
				CODE_SIGN_STYLE = Automatic;
				CURRENT_PROJECT_VERSION = 1;
				DEVELOPMENT_ASSET_PATHS = "\"pulse/Preview Content\"";
				ENABLE_PREVIEWS = YES;
				GENERATE_INFOPLIST_FILE = YES;
				INFOPLIST_KEY_UIApplicationSceneManifest_Generation = YES;
				INFOPLIST_KEY_UIApplicationSupportsIndirectInputEvents = YES;
				INFOPLIST_KEY_UILaunchScreen_Generation = YES;
				INFOPLIST_KEY_UISupportedInterfaceOrientations_iPad = "UIInterfaceOrientationPortrait UIInterfaceOrientationPortraitUpsideDown UIInterfaceOrientationLandscapeLeft UIInterfaceOrientationLandscapeRight";
				INFOPLIST_KEY_UISupportedInterfaceOrientations_iPhone = "UIInterfaceOrientationPortrait UIInterfaceOrientationLandscapeLeft UIInterfaceOrientationLandscapeRight";
				LD_RUNPATH_SEARCH_PATHS = (
					"$(inherited)",
					"@executable_path/Frameworks",
				);
				MARKETING_VERSION = 1.0;
				PRODUCT_BUNDLE_IDENTIFIER = adri.pulse;
				PRODUCT_NAME = "$(TARGET_NAME)";
				SWIFT_EMIT_LOC_STRINGS = YES;
				SWIFT_VERSION = 5.0;
				TARGETED_DEVICE_FAMILY = 1;
			};
			name = Release;
		};
		28950C792CE4A00C00F7DEE8 /* Debug */ = {
			isa = XCBuildConfiguration;
			buildSettings = {
				BUNDLE_LOADER = "$(TEST_HOST)";
				CODE_SIGN_STYLE = Automatic;
				CURRENT_PROJECT_VERSION = 1;
				GENERATE_INFOPLIST_FILE = YES;
				IPHONEOS_DEPLOYMENT_TARGET = 18.1;
				MARKETING_VERSION = 1.0;
				PRODUCT_BUNDLE_IDENTIFIER = adri.pulseTests;
				PRODUCT_NAME = "$(TARGET_NAME)";
				SWIFT_EMIT_LOC_STRINGS = NO;
				SWIFT_VERSION = 5.0;
				TARGETED_DEVICE_FAMILY = "1,2";
				TEST_HOST = "$(BUILT_PRODUCTS_DIR)/pulse.app/$(BUNDLE_EXECUTABLE_FOLDER_PATH)/pulse";
			};
			name = Debug;
		};
		28950C7A2CE4A00C00F7DEE8 /* Release */ = {
			isa = XCBuildConfiguration;
			buildSettings = {
				BUNDLE_LOADER = "$(TEST_HOST)";
				CODE_SIGN_STYLE = Automatic;
				CURRENT_PROJECT_VERSION = 1;
				GENERATE_INFOPLIST_FILE = YES;
				IPHONEOS_DEPLOYMENT_TARGET = 18.1;
				MARKETING_VERSION = 1.0;
				PRODUCT_BUNDLE_IDENTIFIER = adri.pulseTests;
				PRODUCT_NAME = "$(TARGET_NAME)";
				SWIFT_EMIT_LOC_STRINGS = NO;
				SWIFT_VERSION = 5.0;
				TARGETED_DEVICE_FAMILY = "1,2";
				TEST_HOST = "$(BUILT_PRODUCTS_DIR)/pulse.app/$(BUNDLE_EXECUTABLE_FOLDER_PATH)/pulse";
			};
			name = Release;
		};
		28950C7C2CE4A00C00F7DEE8 /* Debug */ = {
			isa = XCBuildConfiguration;
			buildSettings = {
				CODE_SIGN_STYLE = Automatic;
				CURRENT_PROJECT_VERSION = 1;
				GENERATE_INFOPLIST_FILE = YES;
				MARKETING_VERSION = 1.0;
				PRODUCT_BUNDLE_IDENTIFIER = adri.pulseUITests;
				PRODUCT_NAME = "$(TARGET_NAME)";
				SWIFT_EMIT_LOC_STRINGS = NO;
				SWIFT_VERSION = 5.0;
				TARGETED_DEVICE_FAMILY = "1,2";
				TEST_TARGET_NAME = pulse;
			};
			name = Debug;
		};
		28950C7D2CE4A00C00F7DEE8 /* Release */ = {
			isa = XCBuildConfiguration;
			buildSettings = {
				CODE_SIGN_STYLE = Automatic;
				CURRENT_PROJECT_VERSION = 1;
				GENERATE_INFOPLIST_FILE = YES;
				MARKETING_VERSION = 1.0;
				PRODUCT_BUNDLE_IDENTIFIER = adri.pulseUITests;
				PRODUCT_NAME = "$(TARGET_NAME)";
				SWIFT_EMIT_LOC_STRINGS = NO;
				SWIFT_VERSION = 5.0;
				TARGETED_DEVICE_FAMILY = "1,2";
				TEST_TARGET_NAME = pulse;
			};
			name = Release;
		};
/* End XCBuildConfiguration section */

/* Begin XCConfigurationList section */
		28950C472CE4A00A00F7DEE8 /* Build configuration list for PBXProject "pulse" */ = {
			isa = XCConfigurationList;
			buildConfigurations = (
				28950C732CE4A00C00F7DEE8 /* Debug */,
				28950C742CE4A00C00F7DEE8 /* Release */,
			);
			defaultConfigurationIsVisible = 0;
			defaultConfigurationName = Release;
		};
		28950C752CE4A00C00F7DEE8 /* Build configuration list for PBXNativeTarget "pulse" */ = {
			isa = XCConfigurationList;
			buildConfigurations = (
				28950C762CE4A00C00F7DEE8 /* Debug */,
				28950C772CE4A00C00F7DEE8 /* Release */,
			);
			defaultConfigurationIsVisible = 0;
			defaultConfigurationName = Release;
		};
		28950C782CE4A00C00F7DEE8 /* Build configuration list for PBXNativeTarget "pulseTests" */ = {
			isa = XCConfigurationList;
			buildConfigurations = (
				28950C792CE4A00C00F7DEE8 /* Debug */,
				28950C7A2CE4A00C00F7DEE8 /* Release */,
			);
			defaultConfigurationIsVisible = 0;
			defaultConfigurationName = Release;
		};
		28950C7B2CE4A00C00F7DEE8 /* Build configuration list for PBXNativeTarget "pulseUITests" */ = {
			isa = XCConfigurationList;
			buildConfigurations = (
				28950C7C2CE4A00C00F7DEE8 /* Debug */,
				28950C7D2CE4A00C00F7DEE8 /* Release */,
			);
			defaultConfigurationIsVisible = 0;
			defaultConfigurationName = Release;
		};
/* End XCConfigurationList section */
	};
	rootObject = 28950C442CE4A00A00F7DEE8 /* Project object */;
}
